<?xml version="1.0" encoding="utf-8"?>
<Project ToolsVersion="4.0" xmlns="http://schemas.microsoft.com/developer/msbuild/2003">
  <ItemGroup>
    <Filter Include="ソース ファイル">
      <UniqueIdentifier>{4FC737F1-C7A5-4376-A066-2A32D752A2FF}</UniqueIdentifier>
      <Extensions>cpp;c;cc;cxx;c++;cppm;ixx;def;odl;idl;hpj;bat;asm;asmx</Extensions>
    </Filter>
    <Filter Include="ヘッダー ファイル">
      <UniqueIdentifier>{93995380-89BD-4b04-88EB-625FBE52EBFB}</UniqueIdentifier>
      <Extensions>h;hh;hpp;hxx;h++;hm;inl;inc;ipp;xsd</Extensions>
    </Filter>
    <Filter Include="リソース ファイル">
      <UniqueIdentifier>{67DA6AB6-F800-4c08-8B7A-83BB121AAD01}</UniqueIdentifier>
      <Extensions>rc;ico;cur;bmp;dlg;rc2;rct;bin;rgs;gif;jpg;jpeg;jpe;resx;tiff;tif;png;wav;mfcribbon-ms</Extensions>
    </Filter>
  </ItemGroup>
  <ItemGroup>
    <ClCompile Include="DrawPixel.cpp">
      <Filter>ソース ファイル</Filter>
    </ClCompile>
    <ClCompile Include="scripts\Bases\GameBase\GameBase.cpp">
      <Filter>ソース ファイル</Filter>
    </ClCompile>
    <ClCompile Include="scripts\Engine\fpscounter\fpscounter.cpp">
      <Filter>ソース ファイル</Filter>
    </ClCompile>
    <ClCompile Include="scripts\Engine\GameData\GameData.cpp">
      <Filter>ソース ファイル</Filter>
    </ClCompile>
    <ClCompile Include="scripts\Engine\myGame\myGame.cpp">
      <Filter>ソース ファイル</Filter>
    </ClCompile>
    <ClCompile Include="scripts\Engine\MyLibrary\MyLibrary.cpp">
      <Filter>ソース ファイル</Filter>
    </ClCompile>
    <ClCompile Include="scripts\Engine\myPG\myPG.cpp">
      <Filter>ソース ファイル</Filter>
    </ClCompile>
    <ClCompile Include="scripts\Tasks\Effects\Task_Effect2D\L_C_R\Effect2D_L_C_R.cpp">
      <Filter>ソース ファイル</Filter>
    </ClCompile>
    <ClCompile Include="scripts\Tasks\Effects\Task_Effect2D\Std\Effect2D_Std.cpp">
      <Filter>ソース ファイル</Filter>
    </ClCompile>
    <ClCompile Include="scripts\Tasks\Effects\Task_Effect2D\Effect2D.cpp">
      <Filter>ソース ファイル</Filter>
    </ClCompile>
    <ClCompile Include="scripts\Tasks\Scene_MainGame\Task_Ball\Task_Ball.cpp">
      <Filter>ソース ファイル</Filter>
    </ClCompile>
    <ClCompile Include="scripts\Tasks\Scene_MainGame\Task_Border\Task_Border.cpp">
      <Filter>ソース ファイル</Filter>
    </ClCompile>
    <ClCompile Include="scripts\Tasks\CreatorTask\Task_Creator\Task_Creator.cpp">
      <Filter>ソース ファイル</Filter>
    </ClCompile>
    <ClCompile Include="scripts\Tasks\Scene_MainGame\Task_Frame\Task_Frame.cpp">
      <Filter>ソース ファイル</Filter>
    </ClCompile>
    <ClCompile Include="scripts\Tasks\Scene_MainGame\Task_GameManager\Task_GameManager.cpp">
      <Filter>ソース ファイル</Filter>
    </ClCompile>
    <ClCompile Include="scripts\Tasks\Scene_MainGame\Task_Ground\Task_Ground.cpp">
      <Filter>ソース ファイル</Filter>
    </ClCompile>
    <ClCompile Include="scripts\Tasks\Scene_MainGame\Task_NumberGUI\Task_NumberGUI.cpp">
      <Filter>ソース ファイル</Filter>
    </ClCompile>
    <ClCompile Include="scripts\Tasks\Scene_MainGame\Task_PlayerBase\Task_PlayerBase.cpp">
      <Filter>ソース ファイル</Filter>
    </ClCompile>
    <ClCompile Include="scripts\Tasks\Scene_MainGame\Task_ScoreAddNum\Task_ScoreAddNum.cpp">
      <Filter>ソース ファイル</Filter>
    </ClCompile>
    <ClCompile Include="scripts\Tasks\Scene_MainGame\Task_ScoreJudge\Task_ScoreJudge.cpp">
      <Filter>ソース ファイル</Filter>
    </ClCompile>
    <ClCompile Include="scripts\Tasks\Scene_MainGame\Task_Target\Task_Target.cpp">
      <Filter>ソース ファイル</Filter>
    </ClCompile>
    <ClCompile Include="scripts\Tasks\Scene_MainGame\Task_TargetGenerator\Task_TargetGenerator.cpp">
      <Filter>ソース ファイル</Filter>
    </ClCompile>
    <ClCompile Include="scripts\Tasks\Scene_MainGame\Task_TimeCount\Task_TimeCount.cpp">
      <Filter>ソース ファイル</Filter>
    </ClCompile>
    <ClCompile Include="scripts\Tasks\Scene_Result\Task_ResultBGImage\Task_ResultBGImage.cpp">
      <Filter>ソース ファイル</Filter>
    </ClCompile>
    <ClCompile Include="scripts\Tasks\Scene_Result\Task_ResultManager\Task_ResultManager.cpp">
      <Filter>ソース ファイル</Filter>
    </ClCompile>
    <ClCompile Include="scripts\Tasks\Scene_Title\Task_TitleImage\Task_TitleImage.cpp">
      <Filter>ソース ファイル</Filter>
    </ClCompile>
    <ClCompile Include="scripts\Tasks\Scene_Title\Task_TitleManager\Task_TitleManager.cpp">
      <Filter>ソース ファイル</Filter>
    </ClCompile>
    <ClCompile Include="scripts\Tasks\CreatorTask\Task_KeyInput\Task_KeyInput.cpp">
      <Filter>ソース ファイル</Filter>
    </ClCompile>
    <ClCompile Include="scripts\Tasks\CreatorTask\Task_TargetInfo\Task_TargetInfo.cpp">
      <Filter>ソース ファイル</Filter>
    </ClCompile>
    <ClCompile Include="scripts\Tasks\CreatorTask\Task_Infomation\Task_Infomation.cpp">
      <Filter>ソース ファイル</Filter>
    </ClCompile>
  </ItemGroup>
  <ItemGroup>
    <ClInclude Include="scripts\Tasks\Scene_MainGame\Player\PlayerObject\PlayerObject.h">
      <Filter>ヘッダー ファイル</Filter>
    </ClInclude>
    <ClInclude Include="scripts\Bases\GameBase\GameBase.h">
      <Filter>ヘッダー ファイル</Filter>
    </ClInclude>
    <ClInclude Include="scripts\Engine\fpscounter\fpscounter.h">
      <Filter>ヘッダー ファイル</Filter>
    </ClInclude>
    <ClInclude Include="scripts\Engine\GameData\GameData.h">
      <Filter>ヘッダー ファイル</Filter>
    </ClInclude>
    <ClInclude Include="scripts\Engine\myGame\myGame.h">
      <Filter>ヘッダー ファイル</Filter>
    </ClInclude>
    <ClInclude Include="scripts\Engine\MyLibrary\MyLibrary.h">
      <Filter>ヘッダー ファイル</Filter>
    </ClInclude>
    <ClInclude Include="scripts\Engine\myPG\myPG.h">
      <Filter>ヘッダー ファイル</Filter>
    </ClInclude>
    <ClInclude Include="scripts\Engine\myPG\useTaskInMYPG.h">
      <Filter>ヘッダー ファイル</Filter>
    </ClInclude>
    <ClInclude Include="scripts\Engine\nlohmann\json.hpp">
      <Filter>ヘッダー ファイル</Filter>
    </ClInclude>
    <ClInclude Include="scripts\Engine\nlohmann\json_fwd.hpp">
      <Filter>ヘッダー ファイル</Filter>
    </ClInclude>
    <ClInclude Include="scripts\Tasks\Effects\Task_Effect2D\L_C_R\Effect2D_L_C_R.h">
      <Filter>ヘッダー ファイル</Filter>
    </ClInclude>
    <ClInclude Include="scripts\Tasks\Effects\Task_Effect2D\Std\Effect2D_Std.h">
      <Filter>ヘッダー ファイル</Filter>
    </ClInclude>
    <ClInclude Include="scripts\Tasks\Effects\Task_Effect2D\Effect2D.h">
      <Filter>ヘッダー ファイル</Filter>
    </ClInclude>
    <ClInclude Include="scripts\Tasks\Effects\Task_Effect2D\Effect2DIncludes.h">
      <Filter>ヘッダー ファイル</Filter>
    </ClInclude>
    <ClInclude Include="scripts\Tasks\Scene_MainGame\Task_Ball\Task_Ball.h">
      <Filter>ヘッダー ファイル</Filter>
    </ClInclude>
    <ClInclude Include="scripts\Tasks\Scene_MainGame\Task_Border\Task_Border.h">
      <Filter>ヘッダー ファイル</Filter>
    </ClInclude>
    <ClInclude Include="scripts\Tasks\CreatorTask\Task_Creator\Task_Creator.h">
      <Filter>ヘッダー ファイル</Filter>
    </ClInclude>
    <ClInclude Include="scripts\Tasks\Scene_MainGame\Task_Frame\Task_Frame.h">
      <Filter>ヘッダー ファイル</Filter>
    </ClInclude>
    <ClInclude Include="scripts\Tasks\Scene_MainGame\Task_GameManager\Task_GameManager.h">
      <Filter>ヘッダー ファイル</Filter>
    </ClInclude>
    <ClInclude Include="scripts\Tasks\Scene_MainGame\Task_Ground\Task_Ground.h">
      <Filter>ヘッダー ファイル</Filter>
    </ClInclude>
    <ClInclude Include="scripts\Tasks\Scene_MainGame\Task_NumberGUI\Task_NumberGUI.h">
      <Filter>ヘッダー ファイル</Filter>
    </ClInclude>
    <ClInclude Include="scripts\Tasks\Scene_MainGame\Task_PlayerBase\Task_PlayerBase.h">
      <Filter>ヘッダー ファイル</Filter>
    </ClInclude>
    <ClInclude Include="scripts\Tasks\Scene_MainGame\Task_ScoreAddNum\Task_ScoreAddNum.h">
      <Filter>ヘッダー ファイル</Filter>
    </ClInclude>
    <ClInclude Include="scripts\Tasks\Scene_MainGame\Task_ScoreJudge\Task_ScoreJudge.h">
      <Filter>ヘッダー ファイル</Filter>
    </ClInclude>
    <ClInclude Include="scripts\Tasks\Scene_MainGame\Task_Target\Task_Target.h">
      <Filter>ヘッダー ファイル</Filter>
    </ClInclude>
    <ClInclude Include="scripts\Tasks\Scene_MainGame\Task_TargetGenerator\Task_TargetGenerator.h">
      <Filter>ヘッダー ファイル</Filter>
    </ClInclude>
    <ClInclude Include="scripts\Tasks\Scene_MainGame\Task_TimeCount\Task_TimeCount.h">
      <Filter>ヘッダー ファイル</Filter>
    </ClInclude>
    <ClInclude Include="scripts\Tasks\Scene_Result\Task_ResultBGImage\Task_ResultBGImage.h">
      <Filter>ヘッダー ファイル</Filter>
    </ClInclude>
    <ClInclude Include="scripts\Tasks\Scene_Result\Task_ResultManager\Task_ResultManager.h">
      <Filter>ヘッダー ファイル</Filter>
    </ClInclude>
    <ClInclude Include="scripts\Tasks\Scene_Title\Task_TitleImage\Task_TitleImage.h">
      <Filter>ヘッダー ファイル</Filter>
    </ClInclude>
    <ClInclude Include="scripts\Tasks\Scene_Title\Task_TitleManager\Task_TitleManager.h">
      <Filter>ヘッダー ファイル</Filter>
    </ClInclude>
    <ClInclude Include="scripts\Tasks\CreatorTask\Task_KeyInput\Task_KeyInput.h">
      <Filter>ヘッダー ファイル</Filter>
    </ClInclude>
    <ClInclude Include="scripts\Tasks\CreatorTask\Task_TargetInfo\Task_TargetInfo.h">
      <Filter>ヘッダー ファイル</Filter>
    </ClInclude>
    <ClInclude Include="scripts\Tasks\CreatorTask\Task_Infomation\Task_Infomation.h">
      <Filter>ヘッダー ファイル</Filter>
    </ClInclude>
  </ItemGroup>
</Project>